<?xml version="1.0" encoding="utf-8"?>
<Project ToolsVersion="4.0" xmlns="http://schemas.microsoft.com/developer/msbuild/2003">
  <ItemGroup>
    <Filter Include="소스 파일">
      <UniqueIdentifier>{4FC737F1-C7A5-4376-A066-2A32D752A2FF}</UniqueIdentifier>
      <Extensions>cpp;c;cc;cxx;c++;cppm;ixx;def;odl;idl;hpj;bat;asm;asmx</Extensions>
    </Filter>
    <Filter Include="헤더 파일">
      <UniqueIdentifier>{93995380-89BD-4b04-88EB-625FBE52EBFB}</UniqueIdentifier>
      <Extensions>h;hh;hpp;hxx;h++;hm;inl;inc;ipp;xsd</Extensions>
    </Filter>
    <Filter Include="리소스 파일">
      <UniqueIdentifier>{67DA6AB6-F800-4c08-8B7A-83BB121AAD01}</UniqueIdentifier>
      <Extensions>rc;ico;cur;bmp;dlg;rc2;rct;bin;rgs;gif;jpg;jpeg;jpe;resx;tiff;tif;png;wav;mfcribbon-ms</Extensions>
    </Filter>
    <Filter Include="소스 파일\Sort">
      <UniqueIdentifier>{e8f242dc-5a0f-4bbd-9b13-b3dd79d30aff}</UniqueIdentifier>
    </Filter>
    <Filter Include="소스 파일\Search">
      <UniqueIdentifier>{349809d6-4153-4b3e-96e5-f372217593b1}</UniqueIdentifier>
    </Filter>
    <Filter Include="소스 파일\Heap">
      <UniqueIdentifier>{e9617783-6658-447e-8909-7b6be20dc5f0}</UniqueIdentifier>
    </Filter>
    <Filter Include="소스 파일\Hashtable">
      <UniqueIdentifier>{ff40a71d-4573-4889-9b16-57e4bad45fe8}</UniqueIdentifier>
    </Filter>
    <Filter Include="소스 파일\Graph">
      <UniqueIdentifier>{421c3ded-ba4f-469f-b529-ec38f6b0f7cc}</UniqueIdentifier>
    </Filter>
  </ItemGroup>
  <ItemGroup>
    <ClCompile Include="BubbleSort.c">
      <Filter>소스 파일\Sort</Filter>
    </ClCompile>
    <ClCompile Include="InsertionSort.c">
      <Filter>소스 파일\Sort</Filter>
    </ClCompile>
    <ClCompile Include="QuickSort.c">
      <Filter>소스 파일\Sort</Filter>
    </ClCompile>
    <ClCompile Include="qsort.c">
      <Filter>소스 파일\Sort</Filter>
    </ClCompile>
    <ClCompile Include="SequentialSearch.c">
      <Filter>소스 파일\Search</Filter>
    </ClCompile>
    <ClCompile Include="BinarySearch.c">
      <Filter>소스 파일\Search</Filter>
    </ClCompile>
    <ClCompile Include="BinarySearchTree.c">
      <Filter>소스 파일\Search</Filter>
    </ClCompile>
    <ClCompile Include="RedBlackTree.c">
      <Filter>소스 파일\Search</Filter>
    </ClCompile>
    <ClCompile Include="Heap.c">
      <Filter>소스 파일\Heap</Filter>
    </ClCompile>
    <ClCompile Include="simpleHashTable.c">
      <Filter>소스 파일\Hashtable</Filter>
    </ClCompile>
    <ClCompile Include="ChainedHashTable.c">
      <Filter>소스 파일\Hashtable</Filter>
    </ClCompile>
    <ClCompile Include="OpenAddressingHashTable.c">
      <Filter>소스 파일\Hashtable</Filter>
    </ClCompile>
    <ClCompile Include="Graph.h">
      <Filter>소스 파일\Graph</Filter>
    </ClCompile>
    <ClCompile Include="Graph.c">
      <Filter>소스 파일\Graph</Filter>
    </ClCompile>
    <ClCompile Include="LinkedQueue.c">
      <Filter>소스 파일\Graph</Filter>
    </ClCompile>
    <ClCompile Include="main.c">
      <Filter>소스 파일\Graph</Filter>
    </ClCompile>
    <ClCompile Include="graphTraversal.c">
      <Filter>소스 파일\Graph</Filter>
    </ClCompile>
    <ClCompile Include="TopologicalSort.c">
      <Filter>소스 파일\Graph</Filter>
    </ClCompile>
    <ClCompile Include="prim.c">
      <Filter>소스 파일\Graph</Filter>
    </ClCompile>
  </ItemGroup>
  <ItemGroup>
    <ClInclude Include="LinkedQueue.h">
      <Filter>소스 파일\Graph</Filter>
    </ClInclude>
    <ClInclude Include="graphTraversal.h">
      <Filter>소스 파일\Graph</Filter>
    </ClInclude>
  </ItemGroup>
</Project>