
Microsoft Visual Studio Solution File, Format Version 12.00
# Visual Studio Version 16
VisualStudioVersion = 16.0.32901.82
MinimumVisualStudioVersion = 10.0.40219.1
Project("{8BC9CEB8-8B4A-11D0-8D11-00A0C91BC942}") = "baekjoon", "baekjoon.vcxproj", "{93A90200-EA02-483E-B738-96AFB533CA59}"
EndProject
Global
	GlobalSection(SolutionConfigurationPlatforms) = preSolution
		Debug|x64 = Debug|x64
		Debug|x86 = Debug|x86
		Release|x64 = Release|x64
		Release|x86 = Release|x86
	EndGlobalSection
	GlobalSection(ProjectConfigurationPlatforms) = postSolution
		{93A90200-EA02-483E-B738-96AFB533CA59}.Debug|x64.ActiveCfg = Debug|x64
		{93A90200-EA02-483E-B738-96AFB533CA59}.Debug|x64.Build.0 = Debug|x64
		{93A90200-EA02-483E-B738-96AFB533CA59}.Debug|x86.ActiveCfg = Debug|Win32
		{93A90200-EA02-483E-B738-96AFB533CA59}.Debug|x86.Build.0 = Debug|Win32
		{93A90200-EA02-483E-B738-96AFB533CA59}.Release|x64.ActiveCfg = Release|x64
		{93A90200-EA02-483E-B738-96AFB533CA59}.Release|x64.Build.0 = Release|x64
		{93A90200-EA02-483E-B738-96AFB533CA59}.Release|x86.ActiveCfg = Release|Win32
		{93A90200-EA02-483E-B738-96AFB533CA59}.Release|x86.Build.0 = Release|Win32
	EndGlobalSection
	GlobalSection(SolutionProperties) = preSolution
		HideSolutionNode = FALSE
	EndGlobalSection
	GlobalSection(ExtensibilityGlobals) = postSolution
		SolutionGuid = {5A1B3240-DA54-4270-95B9-D94D91E2763A}
	EndGlobalSection
EndGlobal
